// !$*UTF8*$!
{
	archiveVersion = 1;
	classes = {
	};
	objectVersion = 48;
	objects = {

/* Begin PBXBuildFile section */
		5702FDD8EE9EAE3901573C8C /* Pods_CaraLivroTests.framework in Frameworks */ = {isa = PBXBuildFile; fileRef = 1A46E7C4EFF8E8F1A77A5DF9 /* Pods_CaraLivroTests.framework */; };
		70CA0E106313F2E3B7A3F997 /* Pods_CaraLivro.framework in Frameworks */ = {isa = PBXBuildFile; fileRef = 5165C7F3621468CB9D388956 /* Pods_CaraLivro.framework */; };
		ACDBCB1020BF28270034AA70 /* FriendListTableViewCell.xib in Resources */ = {isa = PBXBuildFile; fileRef = ACDBCB0F20BF28270034AA70 /* FriendListTableViewCell.xib */; };
		ACDBCB1220BF28570034AA70 /* FriendListTableViewCell.swift in Sources */ = {isa = PBXBuildFile; fileRef = ACDBCB1120BF28570034AA70 /* FriendListTableViewCell.swift */; };
		BEE1FA73B90848219254D29A /* Pods_CaraLivroUITests.framework in Frameworks */ = {isa = PBXBuildFile; fileRef = 5FC9CC669AE22B394B25408C /* Pods_CaraLivroUITests.framework */; };
		D4734DB220C7286200479EB7 /* StringStylizer.framework in Frameworks */ = {isa = PBXBuildFile; fileRef = D4734DB320C7286200479EB7 /* StringStylizer.framework */; };
		D4734DB620C86E5C00479EB7 /* CommentTableViewCell.xib in Resources */ = {isa = PBXBuildFile; fileRef = D4734DB520C86E5C00479EB7 /* CommentTableViewCell.xib */; };
		D4734DB820C86E7C00479EB7 /* CommentTableViewCell.swift in Sources */ = {isa = PBXBuildFile; fileRef = D4734DB720C86E7C00479EB7 /* CommentTableViewCell.swift */; };
		D4734DBA20C9BDFA00479EB7 /* Networking.swift in Sources */ = {isa = PBXBuildFile; fileRef = D4734DB920C9BDFA00479EB7 /* Networking.swift */; };
		D4734DBD20CD74D300479EB7 /* ModalViewController.swift in Sources */ = {isa = PBXBuildFile; fileRef = D4734DBC20CD74D300479EB7 /* ModalViewController.swift */; };
		D4734DBF20CD7D0300479EB7 /* CadastroViewController.swift in Sources */ = {isa = PBXBuildFile; fileRef = D4734DBE20CD7D0300479EB7 /* CadastroViewController.swift */; };
		D4734DC120CD9A8700479EB7 /* GroupViewController.swift in Sources */ = {isa = PBXBuildFile; fileRef = D4734DC020CD9A8700479EB7 /* GroupViewController.swift */; };
		D4734DC220CF016300479EB7 /* Kingfisher.framework in Frameworks */ = {isa = PBXBuildFile; fileRef = D4734DC320CF016300479EB7 /* Kingfisher.framework */; };
		D4C6308E20BE5BE100CFEC6F /* FriendListViewController.swift in Sources */ = {isa = PBXBuildFile; fileRef = D4C6308D20BE5BE100CFEC6F /* FriendListViewController.swift */; };
		D4C6309220BEE25C00CFEC6F /* ActionsProtocols.swift in Sources */ = {isa = PBXBuildFile; fileRef = D4C6309120BEE25C00CFEC6F /* ActionsProtocols.swift */; };
		D4C6309420BEE71600CFEC6F /* UserProfileViewController.swift in Sources */ = {isa = PBXBuildFile; fileRef = D4C6309320BEE71600CFEC6F /* UserProfileViewController.swift */; };
		D4C6309620BEE80800CFEC6F /* TestData.swift in Sources */ = {isa = PBXBuildFile; fileRef = D4C6309520BEE80800CFEC6F /* TestData.swift */; };
		D4C6309820C1E31800CFEC6F /* FeedImageTableViewCell.swift in Sources */ = {isa = PBXBuildFile; fileRef = D4C6309720C1E31800CFEC6F /* FeedImageTableViewCell.swift */; };
		D4C6309A20C1E32700CFEC6F /* FeedImageTableViewCell.xib in Resources */ = {isa = PBXBuildFile; fileRef = D4C6309920C1E32700CFEC6F /* FeedImageTableViewCell.xib */; };
		D4C6309C20C1EBF400CFEC6F /* CommentariesViewController.swift in Sources */ = {isa = PBXBuildFile; fileRef = D4C6309B20C1EBF400CFEC6F /* CommentariesViewController.swift */; };
		D4C6309E20C1ED2800CFEC6F /* CreatePostViewController.swift in Sources */ = {isa = PBXBuildFile; fileRef = D4C6309D20C1ED2800CFEC6F /* CreatePostViewController.swift */; };
		D4C630A020C1EEFA00CFEC6F /* Extensions.swift in Sources */ = {isa = PBXBuildFile; fileRef = D4C6309F20C1EEFA00CFEC6F /* Extensions.swift */; };
		D4C630A220C701F400CFEC6F /* LoginViewController.swift in Sources */ = {isa = PBXBuildFile; fileRef = D4C630A120C701F400CFEC6F /* LoginViewController.swift */; };
		D4E3441920BD8BE300ADF70F /* AppDelegate.swift in Sources */ = {isa = PBXBuildFile; fileRef = D4E3441820BD8BE300ADF70F /* AppDelegate.swift */; };
		D4E3441B20BD8BE300ADF70F /* FeedViewController.swift in Sources */ = {isa = PBXBuildFile; fileRef = D4E3441A20BD8BE300ADF70F /* FeedViewController.swift */; };
		D4E3441E20BD8BE300ADF70F /* Main.storyboard in Resources */ = {isa = PBXBuildFile; fileRef = D4E3441C20BD8BE300ADF70F /* Main.storyboard */; };
		D4E3442020BD8BE300ADF70F /* Assets.xcassets in Resources */ = {isa = PBXBuildFile; fileRef = D4E3441F20BD8BE300ADF70F /* Assets.xcassets */; };
		D4E3442320BD8BE300ADF70F /* LaunchScreen.storyboard in Resources */ = {isa = PBXBuildFile; fileRef = D4E3442120BD8BE300ADF70F /* LaunchScreen.storyboard */; };
		D4E3442E20BD8BE300ADF70F /* CaraLivroTests.swift in Sources */ = {isa = PBXBuildFile; fileRef = D4E3442D20BD8BE300ADF70F /* CaraLivroTests.swift */; };
		D4E3443920BD8BE300ADF70F /* CaraLivroUITests.swift in Sources */ = {isa = PBXBuildFile; fileRef = D4E3443820BD8BE300ADF70F /* CaraLivroUITests.swift */; };
		D4E3444820BDAEFE00ADF70F /* GenericDataSource.swift in Sources */ = {isa = PBXBuildFile; fileRef = D4E3444720BDAEFE00ADF70F /* GenericDataSource.swift */; };
		D4E3444C20BDDB3200ADF70F /* FeedTableViewCell.xib in Resources */ = {isa = PBXBuildFile; fileRef = D4E3444B20BDDB3200ADF70F /* FeedTableViewCell.xib */; };
		D4E3444E20BDDB4B00ADF70F /* FeedTableViewCell.swift in Sources */ = {isa = PBXBuildFile; fileRef = D4E3444D20BDDB4B00ADF70F /* FeedTableViewCell.swift */; };
		D4E3445020BE266900ADF70F /* CoordinatorProtocols.swift in Sources */ = {isa = PBXBuildFile; fileRef = D4E3444F20BE266900ADF70F /* CoordinatorProtocols.swift */; };
		D4E3445220BE2ACB00ADF70F /* MainCoordinator.swift in Sources */ = {isa = PBXBuildFile; fileRef = D4E3445120BE2ACB00ADF70F /* MainCoordinator.swift */; };
/* End PBXBuildFile section */

/* Begin PBXContainerItemProxy section */
		D4E3442A20BD8BE300ADF70F /* PBXContainerItemProxy */ = {
			isa = PBXContainerItemProxy;
			containerPortal = D4E3440D20BD8BE300ADF70F /* Project object */;
			proxyType = 1;
			remoteGlobalIDString = D4E3441420BD8BE300ADF70F;
			remoteInfo = CaraLivro;
		};
		D4E3443520BD8BE300ADF70F /* PBXContainerItemProxy */ = {
			isa = PBXContainerItemProxy;
			containerPortal = D4E3440D20BD8BE300ADF70F /* Project object */;
			proxyType = 1;
			remoteGlobalIDString = D4E3441420BD8BE300ADF70F;
			remoteInfo = CaraLivro;
		};
/* End PBXContainerItemProxy section */

/* Begin PBXFileReference section */
		1A46E7C4EFF8E8F1A77A5DF9 /* Pods_CaraLivroTests.framework */ = {isa = PBXFileReference; explicitFileType = wrapper.framework; includeInIndex = 0; path = Pods_CaraLivroTests.framework; sourceTree = BUILT_PRODUCTS_DIR; };
		2B649930FF74D2EFF2E968C9 /* Pods-CaraLivroUITests.debug.xcconfig */ = {isa = PBXFileReference; includeInIndex = 1; lastKnownFileType = text.xcconfig; name = "Pods-CaraLivroUITests.debug.xcconfig"; path = "Pods/Target Support Files/Pods-CaraLivroUITests/Pods-CaraLivroUITests.debug.xcconfig"; sourceTree = "<group>"; };
		43C26686374F6CC659D9D381 /* Pods-CaraLivroUITests.release.xcconfig */ = {isa = PBXFileReference; includeInIndex = 1; lastKnownFileType = text.xcconfig; name = "Pods-CaraLivroUITests.release.xcconfig"; path = "Pods/Target Support Files/Pods-CaraLivroUITests/Pods-CaraLivroUITests.release.xcconfig"; sourceTree = "<group>"; };
		5165C7F3621468CB9D388956 /* Pods_CaraLivro.framework */ = {isa = PBXFileReference; explicitFileType = wrapper.framework; includeInIndex = 0; path = Pods_CaraLivro.framework; sourceTree = BUILT_PRODUCTS_DIR; };
		5FC9CC669AE22B394B25408C /* Pods_CaraLivroUITests.framework */ = {isa = PBXFileReference; explicitFileType = wrapper.framework; includeInIndex = 0; path = Pods_CaraLivroUITests.framework; sourceTree = BUILT_PRODUCTS_DIR; };
		9DDD6A4C56BE7077BCFC0CAA /* Pods-CaraLivro.debug.xcconfig */ = {isa = PBXFileReference; includeInIndex = 1; lastKnownFileType = text.xcconfig; name = "Pods-CaraLivro.debug.xcconfig"; path = "Pods/Target Support Files/Pods-CaraLivro/Pods-CaraLivro.debug.xcconfig"; sourceTree = "<group>"; };
		A47631F79634347D4AAE7431 /* Pods-CaraLivroTests.release.xcconfig */ = {isa = PBXFileReference; includeInIndex = 1; lastKnownFileType = text.xcconfig; name = "Pods-CaraLivroTests.release.xcconfig"; path = "Pods/Target Support Files/Pods-CaraLivroTests/Pods-CaraLivroTests.release.xcconfig"; sourceTree = "<group>"; };
		ACDBCB0F20BF28270034AA70 /* FriendListTableViewCell.xib */ = {isa = PBXFileReference; lastKnownFileType = file.xib; path = FriendListTableViewCell.xib; sourceTree = "<group>"; };
		ACDBCB1120BF28570034AA70 /* FriendListTableViewCell.swift */ = {isa = PBXFileReference; lastKnownFileType = sourcecode.swift; path = FriendListTableViewCell.swift; sourceTree = "<group>"; };
		D4734DB320C7286200479EB7 /* StringStylizer.framework */ = {isa = PBXFileReference; explicitFileType = wrapper.framework; path = StringStylizer.framework; sourceTree = BUILT_PRODUCTS_DIR; };
		D4734DB520C86E5C00479EB7 /* CommentTableViewCell.xib */ = {isa = PBXFileReference; lastKnownFileType = file.xib; path = CommentTableViewCell.xib; sourceTree = "<group>"; };
		D4734DB720C86E7C00479EB7 /* CommentTableViewCell.swift */ = {isa = PBXFileReference; lastKnownFileType = sourcecode.swift; path = CommentTableViewCell.swift; sourceTree = "<group>"; };
		D4734DB920C9BDFA00479EB7 /* Networking.swift */ = {isa = PBXFileReference; lastKnownFileType = sourcecode.swift; path = Networking.swift; sourceTree = "<group>"; };
		D4734DBC20CD74D300479EB7 /* ModalViewController.swift */ = {isa = PBXFileReference; lastKnownFileType = sourcecode.swift; path = ModalViewController.swift; sourceTree = "<group>"; };
		D4734DBE20CD7D0300479EB7 /* CadastroViewController.swift */ = {isa = PBXFileReference; lastKnownFileType = sourcecode.swift; path = CadastroViewController.swift; sourceTree = "<group>"; };
		D4734DC020CD9A8700479EB7 /* GroupViewController.swift */ = {isa = PBXFileReference; lastKnownFileType = sourcecode.swift; path = GroupViewController.swift; sourceTree = "<group>"; };
		D4734DC320CF016300479EB7 /* Kingfisher.framework */ = {isa = PBXFileReference; explicitFileType = wrapper.framework; path = Kingfisher.framework; sourceTree = BUILT_PRODUCTS_DIR; };
		D4C6308D20BE5BE100CFEC6F /* FriendListViewController.swift */ = {isa = PBXFileReference; lastKnownFileType = sourcecode.swift; path = FriendListViewController.swift; sourceTree = "<group>"; };
		D4C6309120BEE25C00CFEC6F /* ActionsProtocols.swift */ = {isa = PBXFileReference; lastKnownFileType = sourcecode.swift; path = ActionsProtocols.swift; sourceTree = "<group>"; };
		D4C6309320BEE71600CFEC6F /* UserProfileViewController.swift */ = {isa = PBXFileReference; lastKnownFileType = sourcecode.swift; path = UserProfileViewController.swift; sourceTree = "<group>"; };
		D4C6309520BEE80800CFEC6F /* TestData.swift */ = {isa = PBXFileReference; lastKnownFileType = sourcecode.swift; path = TestData.swift; sourceTree = "<group>"; };
		D4C6309720C1E31800CFEC6F /* FeedImageTableViewCell.swift */ = {isa = PBXFileReference; lastKnownFileType = sourcecode.swift; path = FeedImageTableViewCell.swift; sourceTree = "<group>"; };
		D4C6309920C1E32700CFEC6F /* FeedImageTableViewCell.xib */ = {isa = PBXFileReference; lastKnownFileType = file.xib; path = FeedImageTableViewCell.xib; sourceTree = "<group>"; };
		D4C6309B20C1EBF400CFEC6F /* CommentariesViewController.swift */ = {isa = PBXFileReference; lastKnownFileType = sourcecode.swift; path = CommentariesViewController.swift; sourceTree = "<group>"; };
		D4C6309D20C1ED2800CFEC6F /* CreatePostViewController.swift */ = {isa = PBXFileReference; lastKnownFileType = sourcecode.swift; path = CreatePostViewController.swift; sourceTree = "<group>"; };
		D4C6309F20C1EEFA00CFEC6F /* Extensions.swift */ = {isa = PBXFileReference; lastKnownFileType = sourcecode.swift; path = Extensions.swift; sourceTree = "<group>"; };
		D4C630A120C701F400CFEC6F /* LoginViewController.swift */ = {isa = PBXFileReference; lastKnownFileType = sourcecode.swift; path = LoginViewController.swift; sourceTree = "<group>"; };
		D4C630A520C718F200CFEC6F /* Alamofire.framework */ = {isa = PBXFileReference; explicitFileType = wrapper.framework; path = Alamofire.framework; sourceTree = BUILT_PRODUCTS_DIR; };
		D4C630A620C718F200CFEC6F /* Cloudinary.framework */ = {isa = PBXFileReference; explicitFileType = wrapper.framework; path = Cloudinary.framework; sourceTree = BUILT_PRODUCTS_DIR; };
		D4E3441520BD8BE300ADF70F /* CaraLivro.app */ = {isa = PBXFileReference; explicitFileType = wrapper.application; includeInIndex = 0; path = CaraLivro.app; sourceTree = BUILT_PRODUCTS_DIR; };
		D4E3441820BD8BE300ADF70F /* AppDelegate.swift */ = {isa = PBXFileReference; lastKnownFileType = sourcecode.swift; path = AppDelegate.swift; sourceTree = "<group>"; };
		D4E3441A20BD8BE300ADF70F /* FeedViewController.swift */ = {isa = PBXFileReference; lastKnownFileType = sourcecode.swift; path = FeedViewController.swift; sourceTree = "<group>"; };
		D4E3441D20BD8BE300ADF70F /* Base */ = {isa = PBXFileReference; lastKnownFileType = file.storyboard; name = Base; path = Base.lproj/Main.storyboard; sourceTree = "<group>"; };
		D4E3441F20BD8BE300ADF70F /* Assets.xcassets */ = {isa = PBXFileReference; lastKnownFileType = folder.assetcatalog; path = Assets.xcassets; sourceTree = "<group>"; };
		D4E3442220BD8BE300ADF70F /* Base */ = {isa = PBXFileReference; lastKnownFileType = file.storyboard; name = Base; path = Base.lproj/LaunchScreen.storyboard; sourceTree = "<group>"; };
		D4E3442420BD8BE300ADF70F /* Info.plist */ = {isa = PBXFileReference; lastKnownFileType = text.plist.xml; path = Info.plist; sourceTree = "<group>"; };
		D4E3442920BD8BE300ADF70F /* CaraLivroTests.xctest */ = {isa = PBXFileReference; explicitFileType = wrapper.cfbundle; includeInIndex = 0; path = CaraLivroTests.xctest; sourceTree = BUILT_PRODUCTS_DIR; };
		D4E3442D20BD8BE300ADF70F /* CaraLivroTests.swift */ = {isa = PBXFileReference; lastKnownFileType = sourcecode.swift; path = CaraLivroTests.swift; sourceTree = "<group>"; };
		D4E3442F20BD8BE300ADF70F /* Info.plist */ = {isa = PBXFileReference; lastKnownFileType = text.plist.xml; path = Info.plist; sourceTree = "<group>"; };
		D4E3443420BD8BE300ADF70F /* CaraLivroUITests.xctest */ = {isa = PBXFileReference; explicitFileType = wrapper.cfbundle; includeInIndex = 0; path = CaraLivroUITests.xctest; sourceTree = BUILT_PRODUCTS_DIR; };
		D4E3443820BD8BE300ADF70F /* CaraLivroUITests.swift */ = {isa = PBXFileReference; lastKnownFileType = sourcecode.swift; path = CaraLivroUITests.swift; sourceTree = "<group>"; };
		D4E3443A20BD8BE300ADF70F /* Info.plist */ = {isa = PBXFileReference; lastKnownFileType = text.plist.xml; path = Info.plist; sourceTree = "<group>"; };
		D4E3444720BDAEFE00ADF70F /* GenericDataSource.swift */ = {isa = PBXFileReference; lastKnownFileType = sourcecode.swift; path = GenericDataSource.swift; sourceTree = "<group>"; };
		D4E3444B20BDDB3200ADF70F /* FeedTableViewCell.xib */ = {isa = PBXFileReference; lastKnownFileType = file.xib; path = FeedTableViewCell.xib; sourceTree = "<group>"; };
		D4E3444D20BDDB4B00ADF70F /* FeedTableViewCell.swift */ = {isa = PBXFileReference; lastKnownFileType = sourcecode.swift; path = FeedTableViewCell.swift; sourceTree = "<group>"; };
		D4E3444F20BE266900ADF70F /* CoordinatorProtocols.swift */ = {isa = PBXFileReference; lastKnownFileType = sourcecode.swift; path = CoordinatorProtocols.swift; sourceTree = "<group>"; };
		D4E3445120BE2ACB00ADF70F /* MainCoordinator.swift */ = {isa = PBXFileReference; lastKnownFileType = sourcecode.swift; path = MainCoordinator.swift; sourceTree = "<group>"; };
		D9AB6EDD09B3EF835C2973BF /* Pods-CaraLivroTests.debug.xcconfig */ = {isa = PBXFileReference; includeInIndex = 1; lastKnownFileType = text.xcconfig; name = "Pods-CaraLivroTests.debug.xcconfig"; path = "Pods/Target Support Files/Pods-CaraLivroTests/Pods-CaraLivroTests.debug.xcconfig"; sourceTree = "<group>"; };
		F48521F74C0A92DC0EFC511D /* Pods-CaraLivro.release.xcconfig */ = {isa = PBXFileReference; includeInIndex = 1; lastKnownFileType = text.xcconfig; name = "Pods-CaraLivro.release.xcconfig"; path = "Pods/Target Support Files/Pods-CaraLivro/Pods-CaraLivro.release.xcconfig"; sourceTree = "<group>"; };
/* End PBXFileReference section */

/* Begin PBXFrameworksBuildPhase section */
		D4E3441220BD8BE300ADF70F /* Frameworks */ = {
			isa = PBXFrameworksBuildPhase;
			buildActionMask = 2147483647;
			files = (
				D4734DC220CF016300479EB7 /* Kingfisher.framework in Frameworks */,
				D4734DB220C7286200479EB7 /* StringStylizer.framework in Frameworks */,
				70CA0E106313F2E3B7A3F997 /* Pods_CaraLivro.framework in Frameworks */,
			);
			runOnlyForDeploymentPostprocessing = 0;
		};
		D4E3442620BD8BE300ADF70F /* Frameworks */ = {
			isa = PBXFrameworksBuildPhase;
			buildActionMask = 2147483647;
			files = (
				5702FDD8EE9EAE3901573C8C /* Pods_CaraLivroTests.framework in Frameworks */,
			);
			runOnlyForDeploymentPostprocessing = 0;
		};
		D4E3443120BD8BE300ADF70F /* Frameworks */ = {
			isa = PBXFrameworksBuildPhase;
			buildActionMask = 2147483647;
			files = (
				BEE1FA73B90848219254D29A /* Pods_CaraLivroUITests.framework in Frameworks */,
			);
			runOnlyForDeploymentPostprocessing = 0;
		};
/* End PBXFrameworksBuildPhase section */

/* Begin PBXGroup section */
		45536FE3278D007E7A4064AB /* Pods */ = {
			isa = PBXGroup;
			children = (
				9DDD6A4C56BE7077BCFC0CAA /* Pods-CaraLivro.debug.xcconfig */,
				F48521F74C0A92DC0EFC511D /* Pods-CaraLivro.release.xcconfig */,
				D9AB6EDD09B3EF835C2973BF /* Pods-CaraLivroTests.debug.xcconfig */,
				A47631F79634347D4AAE7431 /* Pods-CaraLivroTests.release.xcconfig */,
				2B649930FF74D2EFF2E968C9 /* Pods-CaraLivroUITests.debug.xcconfig */,
				43C26686374F6CC659D9D381 /* Pods-CaraLivroUITests.release.xcconfig */,
			);
			name = Pods;
			sourceTree = "<group>";
		};
		ACDBCB0E20BF27EC0034AA70 /* FriendList */ = {
			isa = PBXGroup;
			children = (
				ACDBCB0F20BF28270034AA70 /* FriendListTableViewCell.xib */,
				ACDBCB1120BF28570034AA70 /* FriendListTableViewCell.swift */,
			);
			path = FriendList;
			sourceTree = "<group>";
		};
		D4734DB420C86E3B00479EB7 /* Commentaries */ = {
			isa = PBXGroup;
			children = (
				D4734DB520C86E5C00479EB7 /* CommentTableViewCell.xib */,
				D4734DB720C86E7C00479EB7 /* CommentTableViewCell.swift */,
			);
			path = Commentaries;
			sourceTree = "<group>";
		};
		D4E3440C20BD8BE300ADF70F = {
			isa = PBXGroup;
			children = (
				D4E3441720BD8BE300ADF70F /* CaraLivro */,
				D4E3442C20BD8BE300ADF70F /* CaraLivroTests */,
				D4E3443720BD8BE300ADF70F /* CaraLivroUITests */,
				D4E3441620BD8BE300ADF70F /* Products */,
				45536FE3278D007E7A4064AB /* Pods */,
				ED8DA12C96E5EC67CE04DF65 /* Frameworks */,
			);
			sourceTree = "<group>";
		};
		D4E3441620BD8BE300ADF70F /* Products */ = {
			isa = PBXGroup;
			children = (
				D4E3441520BD8BE300ADF70F /* CaraLivro.app */,
				D4E3442920BD8BE300ADF70F /* CaraLivroTests.xctest */,
				D4E3443420BD8BE300ADF70F /* CaraLivroUITests.xctest */,
			);
			name = Products;
			sourceTree = "<group>";
		};
		D4E3441720BD8BE300ADF70F /* CaraLivro */ = {
			isa = PBXGroup;
			children = (
				D4E3445320BE2F5600ADF70F /* ViewControllers */,
				D4E3444920BDDB0A00ADF70F /* Feed */,
				ACDBCB0E20BF27EC0034AA70 /* FriendList */,
				D4734DB420C86E3B00479EB7 /* Commentaries */,
				D4E3444620BDAEE400ADF70F /* Core */,
				D4E3441820BD8BE300ADF70F /* AppDelegate.swift */,
				D4E3441C20BD8BE300ADF70F /* Main.storyboard */,
				D4E3441F20BD8BE300ADF70F /* Assets.xcassets */,
				D4E3442120BD8BE300ADF70F /* LaunchScreen.storyboard */,
				D4E3442420BD8BE300ADF70F /* Info.plist */,
			);
			path = CaraLivro;
			sourceTree = "<group>";
		};
		D4E3442C20BD8BE300ADF70F /* CaraLivroTests */ = {
			isa = PBXGroup;
			children = (
				D4E3442D20BD8BE300ADF70F /* CaraLivroTests.swift */,
				D4E3442F20BD8BE300ADF70F /* Info.plist */,
			);
			path = CaraLivroTests;
			sourceTree = "<group>";
		};
		D4E3443720BD8BE300ADF70F /* CaraLivroUITests */ = {
			isa = PBXGroup;
			children = (
				D4E3443820BD8BE300ADF70F /* CaraLivroUITests.swift */,
				D4E3443A20BD8BE300ADF70F /* Info.plist */,
			);
			path = CaraLivroUITests;
			sourceTree = "<group>";
		};
		D4E3444620BDAEE400ADF70F /* Core */ = {
			isa = PBXGroup;
			children = (
				D4E3444720BDAEFE00ADF70F /* GenericDataSource.swift */,
				D4E3444F20BE266900ADF70F /* CoordinatorProtocols.swift */,
				D4E3445120BE2ACB00ADF70F /* MainCoordinator.swift */,
				D4C6309120BEE25C00CFEC6F /* ActionsProtocols.swift */,
				D4C6309520BEE80800CFEC6F /* TestData.swift */,
				D4C6309F20C1EEFA00CFEC6F /* Extensions.swift */,
				D4734DB920C9BDFA00479EB7 /* Networking.swift */,
			);
			path = Core;
			sourceTree = "<group>";
		};
		D4E3444920BDDB0A00ADF70F /* Feed */ = {
			isa = PBXGroup;
			children = (
				D4E3444B20BDDB3200ADF70F /* FeedTableViewCell.xib */,
				D4E3444D20BDDB4B00ADF70F /* FeedTableViewCell.swift */,
				D4C6309920C1E32700CFEC6F /* FeedImageTableViewCell.xib */,
				D4C6309720C1E31800CFEC6F /* FeedImageTableViewCell.swift */,
			);
			path = Feed;
			sourceTree = "<group>";
		};
		D4E3445320BE2F5600ADF70F /* ViewControllers */ = {
			isa = PBXGroup;
			children = (
				D4E3441A20BD8BE300ADF70F /* FeedViewController.swift */,
				D4C6308D20BE5BE100CFEC6F /* FriendListViewController.swift */,
				D4C6309320BEE71600CFEC6F /* UserProfileViewController.swift */,
				D4C6309B20C1EBF400CFEC6F /* CommentariesViewController.swift */,
				D4C6309D20C1ED2800CFEC6F /* CreatePostViewController.swift */,
				D4C630A120C701F400CFEC6F /* LoginViewController.swift */,
				D4734DBC20CD74D300479EB7 /* ModalViewController.swift */,
				D4734DBE20CD7D0300479EB7 /* CadastroViewController.swift */,
				D4734DC020CD9A8700479EB7 /* GroupViewController.swift */,
			);
			path = ViewControllers;
			sourceTree = "<group>";
		};
		ED8DA12C96E5EC67CE04DF65 /* Frameworks */ = {
			isa = PBXGroup;
			children = (
				D4734DC320CF016300479EB7 /* Kingfisher.framework */,
				D4734DB320C7286200479EB7 /* StringStylizer.framework */,
				D4C630A520C718F200CFEC6F /* Alamofire.framework */,
				D4C630A620C718F200CFEC6F /* Cloudinary.framework */,
				5165C7F3621468CB9D388956 /* Pods_CaraLivro.framework */,
				1A46E7C4EFF8E8F1A77A5DF9 /* Pods_CaraLivroTests.framework */,
				5FC9CC669AE22B394B25408C /* Pods_CaraLivroUITests.framework */,
			);
			name = Frameworks;
			sourceTree = "<group>";
		};
/* End PBXGroup section */

/* Begin PBXNativeTarget section */
		D4E3441420BD8BE300ADF70F /* CaraLivro */ = {
			isa = PBXNativeTarget;
			buildConfigurationList = D4E3443D20BD8BE300ADF70F /* Build configuration list for PBXNativeTarget "CaraLivro" */;
			buildPhases = (
				98E6D83FB7C40354A4394928 /* [CP] Check Pods Manifest.lock */,
				D4E3441120BD8BE300ADF70F /* Sources */,
				D4E3441220BD8BE300ADF70F /* Frameworks */,
				D4E3441320BD8BE300ADF70F /* Resources */,
				D700662990F7F07AFF0E6C9E /* [CP] Embed Pods Frameworks */,
			);
			buildRules = (
			);
			dependencies = (
			);
			name = CaraLivro;
			productName = CaraLivro;
			productReference = D4E3441520BD8BE300ADF70F /* CaraLivro.app */;
			productType = "com.apple.product-type.application";
		};
		D4E3442820BD8BE300ADF70F /* CaraLivroTests */ = {
			isa = PBXNativeTarget;
			buildConfigurationList = D4E3444020BD8BE300ADF70F /* Build configuration list for PBXNativeTarget "CaraLivroTests" */;
			buildPhases = (
				AD6D85B7D06F04C627372D88 /* [CP] Check Pods Manifest.lock */,
				D4E3442520BD8BE300ADF70F /* Sources */,
				D4E3442620BD8BE300ADF70F /* Frameworks */,
				D4E3442720BD8BE300ADF70F /* Resources */,
				29494A2EF94BA97042210254 /* [CP] Check Pods Manifest.lock */,
			);
			buildRules = (
			);
			dependencies = (
				D4E3442B20BD8BE300ADF70F /* PBXTargetDependency */,
			);
			name = CaraLivroTests;
			productName = CaraLivroTests;
			productReference = D4E3442920BD8BE300ADF70F /* CaraLivroTests.xctest */;
			productType = "com.apple.product-type.bundle.unit-test";
		};
		D4E3443320BD8BE300ADF70F /* CaraLivroUITests */ = {
			isa = PBXNativeTarget;
			buildConfigurationList = D4E3444320BD8BE300ADF70F /* Build configuration list for PBXNativeTarget "CaraLivroUITests" */;
			buildPhases = (
				AF59B67B19087401325CEA11 /* [CP] Check Pods Manifest.lock */,
				D4E3443020BD8BE300ADF70F /* Sources */,
				D4E3443120BD8BE300ADF70F /* Frameworks */,
				D4E3443220BD8BE300ADF70F /* Resources */,
			);
			buildRules = (
			);
			dependencies = (
				D4E3443620BD8BE300ADF70F /* PBXTargetDependency */,
			);
			name = CaraLivroUITests;
			productName = CaraLivroUITests;
			productReference = D4E3443420BD8BE300ADF70F /* CaraLivroUITests.xctest */;
			productType = "com.apple.product-type.bundle.ui-testing";
		};
/* End PBXNativeTarget section */

/* Begin PBXProject section */
		D4E3440D20BD8BE300ADF70F /* Project object */ = {
			isa = PBXProject;
			attributes = {
				LastSwiftUpdateCheck = 0910;
				LastUpgradeCheck = 0930;
				ORGANIZATIONNAME = "Luzenildo Junior";
				TargetAttributes = {
					D4E3441420BD8BE300ADF70F = {
						CreatedOnToolsVersion = 9.1;
						ProvisioningStyle = Automatic;
					};
					D4E3442820BD8BE300ADF70F = {
						CreatedOnToolsVersion = 9.1;
						ProvisioningStyle = Automatic;
						TestTargetID = D4E3441420BD8BE300ADF70F;
					};
					D4E3443320BD8BE300ADF70F = {
						CreatedOnToolsVersion = 9.1;
						ProvisioningStyle = Automatic;
						TestTargetID = D4E3441420BD8BE300ADF70F;
					};
				};
			};
			buildConfigurationList = D4E3441020BD8BE300ADF70F /* Build configuration list for PBXProject "CaraLivro" */;
			compatibilityVersion = "Xcode 8.0";
			developmentRegion = en;
			hasScannedForEncodings = 0;
			knownRegions = (
				en,
				Base,
			);
			mainGroup = D4E3440C20BD8BE300ADF70F;
			productRefGroup = D4E3441620BD8BE300ADF70F /* Products */;
			projectDirPath = "";
			projectRoot = "";
			targets = (
				D4E3441420BD8BE300ADF70F /* CaraLivro */,
				D4E3442820BD8BE300ADF70F /* CaraLivroTests */,
				D4E3443320BD8BE300ADF70F /* CaraLivroUITests */,
			);
		};
/* End PBXProject section */

/* Begin PBXResourcesBuildPhase section */
		D4E3441320BD8BE300ADF70F /* Resources */ = {
			isa = PBXResourcesBuildPhase;
			buildActionMask = 2147483647;
			files = (
				D4E3442320BD8BE300ADF70F /* LaunchScreen.storyboard in Resources */,
				D4E3444C20BDDB3200ADF70F /* FeedTableViewCell.xib in Resources */,
				D4E3442020BD8BE300ADF70F /* Assets.xcassets in Resources */,
				D4C6309A20C1E32700CFEC6F /* FeedImageTableViewCell.xib in Resources */,
				D4734DB620C86E5C00479EB7 /* CommentTableViewCell.xib in Resources */,
				D4E3441E20BD8BE300ADF70F /* Main.storyboard in Resources */,
				ACDBCB1020BF28270034AA70 /* FriendListTableViewCell.xib in Resources */,
			);
			runOnlyForDeploymentPostprocessing = 0;
		};
		D4E3442720BD8BE300ADF70F /* Resources */ = {
			isa = PBXResourcesBuildPhase;
			buildActionMask = 2147483647;
			files = (
			);
			runOnlyForDeploymentPostprocessing = 0;
		};
		D4E3443220BD8BE300ADF70F /* Resources */ = {
			isa = PBXResourcesBuildPhase;
			buildActionMask = 2147483647;
			files = (
			);
			runOnlyForDeploymentPostprocessing = 0;
		};
/* End PBXResourcesBuildPhase section */

/* Begin PBXShellScriptBuildPhase section */
		29494A2EF94BA97042210254 /* [CP] Check Pods Manifest.lock */ = {
			isa = PBXShellScriptBuildPhase;
			buildActionMask = 2147483647;
			files = (
			);
			inputPaths = (
				"${PODS_PODFILE_DIR_PATH}/Podfile.lock",
				"${PODS_ROOT}/Manifest.lock",
			);
			name = "[CP] Check Pods Manifest.lock";
			outputPaths = (
				"$(DERIVED_FILE_DIR)/Pods-CaraLivro-checkManifestLockResult.txt",
			);
			runOnlyForDeploymentPostprocessing = 0;
			shellPath = /bin/sh;
			shellScript = "diff \"${PODS_PODFILE_DIR_PATH}/Podfile.lock\" \"${PODS_ROOT}/Manifest.lock\" > /dev/null\nif [ $? != 0 ] ; then\n    # print error to STDERR\n    echo \"error: The sandbox is not in sync with the Podfile.lock. Run 'pod install' or update your CocoaPods installation.\" >&2\n    exit 1\nfi\n# This output is used by Xcode 'outputs' to avoid re-running this script phase.\necho \"SUCCESS\" > \"${SCRIPT_OUTPUT_FILE_0}\"\n";
			showEnvVarsInLog = 0;
		};
		98E6D83FB7C40354A4394928 /* [CP] Check Pods Manifest.lock */ = {
			isa = PBXShellScriptBuildPhase;
			buildActionMask = 2147483647;
			files = (
			);
			inputPaths = (
				"${PODS_PODFILE_DIR_PATH}/Podfile.lock",
				"${PODS_ROOT}/Manifest.lock",
			);
			name = "[CP] Check Pods Manifest.lock";
			outputPaths = (
				"$(DERIVED_FILE_DIR)/Pods-CaraLivro-checkManifestLockResult.txt",
			);
			runOnlyForDeploymentPostprocessing = 0;
			shellPath = /bin/sh;
			shellScript = "diff \"${PODS_PODFILE_DIR_PATH}/Podfile.lock\" \"${PODS_ROOT}/Manifest.lock\" > /dev/null\nif [ $? != 0 ] ; then\n    # print error to STDERR\n    echo \"error: The sandbox is not in sync with the Podfile.lock. Run 'pod install' or update your CocoaPods installation.\" >&2\n    exit 1\nfi\n# This output is used by Xcode 'outputs' to avoid re-running this script phase.\necho \"SUCCESS\" > \"${SCRIPT_OUTPUT_FILE_0}\"\n";
			showEnvVarsInLog = 0;
		};
		AD6D85B7D06F04C627372D88 /* [CP] Check Pods Manifest.lock */ = {
			isa = PBXShellScriptBuildPhase;
			buildActionMask = 2147483647;
			files = (
			);
			inputPaths = (
				"${PODS_PODFILE_DIR_PATH}/Podfile.lock",
				"${PODS_ROOT}/Manifest.lock",
			);
			name = "[CP] Check Pods Manifest.lock";
			outputPaths = (
				"$(DERIVED_FILE_DIR)/Pods-CaraLivroTests-checkManifestLockResult.txt",
			);
			runOnlyForDeploymentPostprocessing = 0;
			shellPath = /bin/sh;
			shellScript = "diff \"${PODS_PODFILE_DIR_PATH}/Podfile.lock\" \"${PODS_ROOT}/Manifest.lock\" > /dev/null\nif [ $? != 0 ] ; then\n    # print error to STDERR\n    echo \"error: The sandbox is not in sync with the Podfile.lock. Run 'pod install' or update your CocoaPods installation.\" >&2\n    exit 1\nfi\n# This output is used by Xcode 'outputs' to avoid re-running this script phase.\necho \"SUCCESS\" > \"${SCRIPT_OUTPUT_FILE_0}\"\n";
			showEnvVarsInLog = 0;
		};
		AF59B67B19087401325CEA11 /* [CP] Check Pods Manifest.lock */ = {
			isa = PBXShellScriptBuildPhase;
			buildActionMask = 2147483647;
			files = (
			);
			inputPaths = (
				"${PODS_PODFILE_DIR_PATH}/Podfile.lock",
				"${PODS_ROOT}/Manifest.lock",
			);
			name = "[CP] Check Pods Manifest.lock";
			outputPaths = (
				"$(DERIVED_FILE_DIR)/Pods-CaraLivroUITests-checkManifestLockResult.txt",
			);
			runOnlyForDeploymentPostprocessing = 0;
			shellPath = /bin/sh;
			shellScript = "diff \"${PODS_PODFILE_DIR_PATH}/Podfile.lock\" \"${PODS_ROOT}/Manifest.lock\" > /dev/null\nif [ $? != 0 ] ; then\n    # print error to STDERR\n    echo \"error: The sandbox is not in sync with the Podfile.lock. Run 'pod install' or update your CocoaPods installation.\" >&2\n    exit 1\nfi\n# This output is used by Xcode 'outputs' to avoid re-running this script phase.\necho \"SUCCESS\" > \"${SCRIPT_OUTPUT_FILE_0}\"\n";
			showEnvVarsInLog = 0;
		};
		D700662990F7F07AFF0E6C9E /* [CP] Embed Pods Frameworks */ = {
			isa = PBXShellScriptBuildPhase;
			buildActionMask = 2147483647;
			files = (
			);
			inputPaths = (
				"${SRCROOT}/Pods/Target Support Files/Pods-CaraLivro/Pods-CaraLivro-frameworks.sh",
				"${BUILT_PRODUCTS_DIR}/Alamofire/Alamofire.framework",
				"${BUILT_PRODUCTS_DIR}/Cloudinary/Cloudinary.framework",
				"${BUILT_PRODUCTS_DIR}/Kingfisher/Kingfisher.framework",
				"${BUILT_PRODUCTS_DIR}/SnapKit/SnapKit.framework",
				"${BUILT_PRODUCTS_DIR}/StringStylizer/StringStylizer.framework",
			);
			name = "[CP] Embed Pods Frameworks";
			outputPaths = (
				"${TARGET_BUILD_DIR}/${FRAMEWORKS_FOLDER_PATH}/Alamofire.framework",
				"${TARGET_BUILD_DIR}/${FRAMEWORKS_FOLDER_PATH}/Cloudinary.framework",
				"${TARGET_BUILD_DIR}/${FRAMEWORKS_FOLDER_PATH}/Kingfisher.framework",
				"${TARGET_BUILD_DIR}/${FRAMEWORKS_FOLDER_PATH}/SnapKit.framework",
				"${TARGET_BUILD_DIR}/${FRAMEWORKS_FOLDER_PATH}/StringStylizer.framework",
			);
			runOnlyForDeploymentPostprocessing = 0;
			shellPath = /bin/sh;
			shellScript = "\"${SRCROOT}/Pods/Target Support Files/Pods-CaraLivro/Pods-CaraLivro-frameworks.sh\"\n";
			showEnvVarsInLog = 0;
		};
/* End PBXShellScriptBuildPhase section */

/* Begin PBXSourcesBuildPhase section */
		D4E3441120BD8BE300ADF70F /* Sources */ = {
			isa = PBXSourcesBuildPhase;
			buildActionMask = 2147483647;
			files = (
				D4E3441B20BD8BE300ADF70F /* FeedViewController.swift in Sources */,
				D4E3445220BE2ACB00ADF70F /* MainCoordinator.swift in Sources */,
				D4C6309220BEE25C00CFEC6F /* ActionsProtocols.swift in Sources */,
				D4734DBF20CD7D0300479EB7 /* CadastroViewController.swift in Sources */,
				D4C6309620BEE80800CFEC6F /* TestData.swift in Sources */,
				D4E3444E20BDDB4B00ADF70F /* FeedTableViewCell.swift in Sources */,
				D4734DC120CD9A8700479EB7 /* GroupViewController.swift in Sources */,
				D4E3445020BE266900ADF70F /* CoordinatorProtocols.swift in Sources */,
				D4734DB820C86E7C00479EB7 /* CommentTableViewCell.swift in Sources */,
				D4734DBD20CD74D300479EB7 /* ModalViewController.swift in Sources */,
				D4C6308E20BE5BE100CFEC6F /* FriendListViewController.swift in Sources */,
				ACDBCB1220BF28570034AA70 /* FriendListTableViewCell.swift in Sources */,
				D4C6309E20C1ED2800CFEC6F /* CreatePostViewController.swift in Sources */,
				D4E3441920BD8BE300ADF70F /* AppDelegate.swift in Sources */,
				D4C630A020C1EEFA00CFEC6F /* Extensions.swift in Sources */,
				D4C6309C20C1EBF400CFEC6F /* CommentariesViewController.swift in Sources */,
				D4C630A220C701F400CFEC6F /* LoginViewController.swift in Sources */,
				D4734DBA20C9BDFA00479EB7 /* Networking.swift in Sources */,
				D4C6309820C1E31800CFEC6F /* FeedImageTableViewCell.swift in Sources */,
				D4C6309420BEE71600CFEC6F /* UserProfileViewController.swift in Sources */,
				D4E3444820BDAEFE00ADF70F /* GenericDataSource.swift in Sources */,
			);
			runOnlyForDeploymentPostprocessing = 0;
		};
		D4E3442520BD8BE300ADF70F /* Sources */ = {
			isa = PBXSourcesBuildPhase;
			buildActionMask = 2147483647;
			files = (
				D4E3442E20BD8BE300ADF70F /* CaraLivroTests.swift in Sources */,
			);
			runOnlyForDeploymentPostprocessing = 0;
		};
		D4E3443020BD8BE300ADF70F /* Sources */ = {
			isa = PBXSourcesBuildPhase;
			buildActionMask = 2147483647;
			files = (
				D4E3443920BD8BE300ADF70F /* CaraLivroUITests.swift in Sources */,
			);
			runOnlyForDeploymentPostprocessing = 0;
		};
/* End PBXSourcesBuildPhase section */

/* Begin PBXTargetDependency section */
		D4E3442B20BD8BE300ADF70F /* PBXTargetDependency */ = {
			isa = PBXTargetDependency;
			target = D4E3441420BD8BE300ADF70F /* CaraLivro */;
			targetProxy = D4E3442A20BD8BE300ADF70F /* PBXContainerItemProxy */;
		};
		D4E3443620BD8BE300ADF70F /* PBXTargetDependency */ = {
			isa = PBXTargetDependency;
			target = D4E3441420BD8BE300ADF70F /* CaraLivro */;
			targetProxy = D4E3443520BD8BE300ADF70F /* PBXContainerItemProxy */;
		};
/* End PBXTargetDependency section */

/* Begin PBXVariantGroup section */
		D4E3441C20BD8BE300ADF70F /* Main.storyboard */ = {
			isa = PBXVariantGroup;
			children = (
				D4E3441D20BD8BE300ADF70F /* Base */,
			);
			name = Main.storyboard;
			sourceTree = "<group>";
		};
		D4E3442120BD8BE300ADF70F /* LaunchScreen.storyboard */ = {
			isa = PBXVariantGroup;
			children = (
				D4E3442220BD8BE300ADF70F /* Base */,
			);
			name = LaunchScreen.storyboard;
			sourceTree = "<group>";
		};
/* End PBXVariantGroup section */

/* Begin XCBuildConfiguration section */
		D4E3443B20BD8BE300ADF70F /* Debug */ = {
			isa = XCBuildConfiguration;
			buildSettings = {
				ALWAYS_SEARCH_USER_PATHS = NO;
				CLANG_ANALYZER_NONNULL = YES;
				CLANG_ANALYZER_NUMBER_OBJECT_CONVERSION = YES_AGGRESSIVE;
				CLANG_CXX_LANGUAGE_STANDARD = "gnu++14";
				CLANG_CXX_LIBRARY = "libc++";
				CLANG_ENABLE_MODULES = YES;
				CLANG_ENABLE_OBJC_ARC = YES;
				CLANG_WARN_BLOCK_CAPTURE_AUTORELEASING = YES;
				CLANG_WARN_BOOL_CONVERSION = YES;
				CLANG_WARN_COMMA = YES;
				CLANG_WARN_CONSTANT_CONVERSION = YES;
				CLANG_WARN_DEPRECATED_OBJC_IMPLEMENTATIONS = YES;
				CLANG_WARN_DIRECT_OBJC_ISA_USAGE = YES_ERROR;
				CLANG_WARN_DOCUMENTATION_COMMENTS = YES;
				CLANG_WARN_EMPTY_BODY = YES;
				CLANG_WARN_ENUM_CONVERSION = YES;
				CLANG_WARN_INFINITE_RECURSION = YES;
				CLANG_WARN_INT_CONVERSION = YES;
				CLANG_WARN_NON_LITERAL_NULL_CONVERSION = YES;
				CLANG_WARN_OBJC_IMPLICIT_RETAIN_SELF = YES;
				CLANG_WARN_OBJC_LITERAL_CONVERSION = YES;
				CLANG_WARN_OBJC_ROOT_CLASS = YES_ERROR;
				CLANG_WARN_RANGE_LOOP_ANALYSIS = YES;
				CLANG_WARN_STRICT_PROTOTYPES = YES;
				CLANG_WARN_SUSPICIOUS_MOVE = YES;
				CLANG_WARN_UNGUARDED_AVAILABILITY = YES_AGGRESSIVE;
				CLANG_WARN_UNREACHABLE_CODE = YES;
				CLANG_WARN__DUPLICATE_METHOD_MATCH = YES;
				CODE_SIGN_IDENTITY = "iPhone Developer";
				COPY_PHASE_STRIP = NO;
				DEBUG_INFORMATION_FORMAT = dwarf;
				ENABLE_STRICT_OBJC_MSGSEND = YES;
				ENABLE_TESTABILITY = YES;
				GCC_C_LANGUAGE_STANDARD = gnu11;
				GCC_DYNAMIC_NO_PIC = NO;
				GCC_NO_COMMON_BLOCKS = YES;
				GCC_OPTIMIZATION_LEVEL = 0;
				GCC_PREPROCESSOR_DEFINITIONS = (
					"DEBUG=1",
					"$(inherited)",
				);
				GCC_WARN_64_TO_32_BIT_CONVERSION = YES;
				GCC_WARN_ABOUT_RETURN_TYPE = YES_ERROR;
				GCC_WARN_UNDECLARED_SELECTOR = YES;
				GCC_WARN_UNINITIALIZED_AUTOS = YES_AGGRESSIVE;
				GCC_WARN_UNUSED_FUNCTION = YES;
				GCC_WARN_UNUSED_VARIABLE = YES;
				IPHONEOS_DEPLOYMENT_TARGET = 11.3;
				MTL_ENABLE_DEBUG_INFO = YES;
				ONLY_ACTIVE_ARCH = YES;
				SDKROOT = iphoneos;
				SWIFT_ACTIVE_COMPILATION_CONDITIONS = DEBUG;
				SWIFT_OPTIMIZATION_LEVEL = "-Onone";
			};
			name = Debug;
		};
		D4E3443C20BD8BE300ADF70F /* Release */ = {
			isa = XCBuildConfiguration;
			buildSettings = {
				ALWAYS_SEARCH_USER_PATHS = NO;
				CLANG_ANALYZER_NONNULL = YES;
				CLANG_ANALYZER_NUMBER_OBJECT_CONVERSION = YES_AGGRESSIVE;
				CLANG_CXX_LANGUAGE_STANDARD = "gnu++14";
				CLANG_CXX_LIBRARY = "libc++";
				CLANG_ENABLE_MODULES = YES;
				CLANG_ENABLE_OBJC_ARC = YES;
				CLANG_WARN_BLOCK_CAPTURE_AUTORELEASING = YES;
				CLANG_WARN_BOOL_CONVERSION = YES;
				CLANG_WARN_COMMA = YES;
				CLANG_WARN_CONSTANT_CONVERSION = YES;
				CLANG_WARN_DEPRECATED_OBJC_IMPLEMENTATIONS = YES;
				CLANG_WARN_DIRECT_OBJC_ISA_USAGE = YES_ERROR;
				CLANG_WARN_DOCUMENTATION_COMMENTS = YES;
				CLANG_WARN_EMPTY_BODY = YES;
				CLANG_WARN_ENUM_CONVERSION = YES;
				CLANG_WARN_INFINITE_RECURSION = YES;
				CLANG_WARN_INT_CONVERSION = YES;
				CLANG_WARN_NON_LITERAL_NULL_CONVERSION = YES;
				CLANG_WARN_OBJC_IMPLICIT_RETAIN_SELF = YES;
				CLANG_WARN_OBJC_LITERAL_CONVERSION = YES;
				CLANG_WARN_OBJC_ROOT_CLASS = YES_ERROR;
				CLANG_WARN_RANGE_LOOP_ANALYSIS = YES;
				CLANG_WARN_STRICT_PROTOTYPES = YES;
				CLANG_WARN_SUSPICIOUS_MOVE = YES;
				CLANG_WARN_UNGUARDED_AVAILABILITY = YES_AGGRESSIVE;
				CLANG_WARN_UNREACHABLE_CODE = YES;
				CLANG_WARN__DUPLICATE_METHOD_MATCH = YES;
				CODE_SIGN_IDENTITY = "iPhone Developer";
				COPY_PHASE_STRIP = NO;
				DEBUG_INFORMATION_FORMAT = "dwarf-with-dsym";
				ENABLE_NS_ASSERTIONS = NO;
				ENABLE_STRICT_OBJC_MSGSEND = YES;
				GCC_C_LANGUAGE_STANDARD = gnu11;
				GCC_NO_COMMON_BLOCKS = YES;
				GCC_WARN_64_TO_32_BIT_CONVERSION = YES;
				GCC_WARN_ABOUT_RETURN_TYPE = YES_ERROR;
				GCC_WARN_UNDECLARED_SELECTOR = YES;
				GCC_WARN_UNINITIALIZED_AUTOS = YES_AGGRESSIVE;
				GCC_WARN_UNUSED_FUNCTION = YES;
				GCC_WARN_UNUSED_VARIABLE = YES;
				IPHONEOS_DEPLOYMENT_TARGET = 11.3;
				MTL_ENABLE_DEBUG_INFO = NO;
				SDKROOT = iphoneos;
				SWIFT_OPTIMIZATION_LEVEL = "-Owholemodule";
				VALIDATE_PRODUCT = YES;
			};
			name = Release;
		};
		D4E3443E20BD8BE300ADF70F /* Debug */ = {
			isa = XCBuildConfiguration;
			baseConfigurationReference = 9DDD6A4C56BE7077BCFC0CAA /* Pods-CaraLivro.debug.xcconfig */;
			buildSettings = {
				ASSETCATALOG_COMPILER_APPICON_NAME = AppIcon;
				CODE_SIGN_STYLE = Automatic;
				DEVELOPMENT_TEAM = HTVUAXFD35;
				INFOPLIST_FILE = CaraLivro/Info.plist;
				IPHONEOS_DEPLOYMENT_TARGET = 10.3;
				LD_RUNPATH_SEARCH_PATHS = "$(inherited) @executable_path/Frameworks";
				PRODUCT_BUNDLE_IDENTIFIER = com.luzejunior.CaraLivro;
				PRODUCT_NAME = "$(TARGET_NAME)";
				SWIFT_VERSION = 4.0;
				TARGETED_DEVICE_FAMILY = "1,2";
			};
			name = Debug;
		};
		D4E3443F20BD8BE300ADF70F /* Release */ = {
			isa = XCBuildConfiguration;
			baseConfigurationReference = F48521F74C0A92DC0EFC511D /* Pods-CaraLivro.release.xcconfig */;
			buildSettings = {
				ASSETCATALOG_COMPILER_APPICON_NAME = AppIcon;
				CODE_SIGN_STYLE = Automatic;
				DEVELOPMENT_TEAM = HTVUAXFD35;
				INFOPLIST_FILE = CaraLivro/Info.plist;
				IPHONEOS_DEPLOYMENT_TARGET = 10.3;
				LD_RUNPATH_SEARCH_PATHS = "$(inherited) @executable_path/Frameworks";
				PRODUCT_BUNDLE_IDENTIFIER = com.luzejunior.CaraLivro;
				PRODUCT_NAME = "$(TARGET_NAME)";
				SWIFT_VERSION = 4.0;
				TARGETED_DEVICE_FAMILY = "1,2";
			};
			name = Release;
		};
		D4E3444120BD8BE300ADF70F /* Debug */ = {
			isa = XCBuildConfiguration;
			baseConfigurationReference = D9AB6EDD09B3EF835C2973BF /* Pods-CaraLivroTests.debug.xcconfig */;
			buildSettings = {
				ALWAYS_EMBED_SWIFT_STANDARD_LIBRARIES = YES;
				BUNDLE_LOADER = "$(TEST_HOST)";
				CODE_SIGN_STYLE = Automatic;
				DEVELOPMENT_TEAM = H67F7VXCAB;
				INFOPLIST_FILE = CaraLivroTests/Info.plist;
				IPHONEOS_DEPLOYMENT_TARGET = 11.1;
				LD_RUNPATH_SEARCH_PATHS = "$(inherited) @executable_path/Frameworks @loader_path/Frameworks";
				PRODUCT_BUNDLE_IDENTIFIER = com.luzejunior.CaraLivroTests;
				PRODUCT_NAME = "$(TARGET_NAME)";
				SWIFT_VERSION = 4.0;
				TARGETED_DEVICE_FAMILY = "1,2";
				TEST_HOST = "$(BUILT_PRODUCTS_DIR)/CaraLivro.app/CaraLivro";
			};
			name = Debug;
		};
		D4E3444220BD8BE300ADF70F /* Release */ = {
			isa = XCBuildConfiguration;
			baseConfigurationReference = A47631F79634347D4AAE7431 /* Pods-CaraLivroTests.release.xcconfig */;
			buildSettings = {
				ALWAYS_EMBED_SWIFT_STANDARD_LIBRARIES = YES;
				BUNDLE_LOADER = "$(TEST_HOST)";
				CODE_SIGN_STYLE = Automatic;
				DEVELOPMENT_TEAM = H67F7VXCAB;
				INFOPLIST_FILE = CaraLivroTests/Info.plist;
				IPHONEOS_DEPLOYMENT_TARGET = 11.1;
				LD_RUNPATH_SEARCH_PATHS = "$(inherited) @executable_path/Frameworks @loader_path/Frameworks";
				PRODUCT_BUNDLE_IDENTIFIER = com.luzejunior.CaraLivroTests;
				PRODUCT_NAME = "$(TARGET_NAME)";
				SWIFT_VERSION = 4.0;
				TARGETED_DEVICE_FAMILY = "1,2";
				TEST_HOST = "$(BUILT_PRODUCTS_DIR)/CaraLivro.app/CaraLivro";
			};
			name = Release;
		};
		D4E3444420BD8BE300ADF70F /* Debug */ = {
			isa = XCBuildConfiguration;
			baseConfigurationReference = 2B649930FF74D2EFF2E968C9 /* Pods-CaraLivroUITests.debug.xcconfig */;
			buildSettings = {
				ALWAYS_EMBED_SWIFT_STANDARD_LIBRARIES = YES;
				CODE_SIGN_STYLE = Automatic;
				DEVELOPMENT_TEAM = H67F7VXCAB;
				INFOPLIST_FILE = CaraLivroUITests/Info.plist;
				IPHONEOS_DEPLOYMENT_TARGET = 11.1;
				LD_RUNPATH_SEARCH_PATHS = "$(inherited) @executable_path/Frameworks @loader_path/Frameworks";
				PRODUCT_BUNDLE_IDENTIFIER = com.luzejunior.CaraLivroUITests;
				PRODUCT_NAME = "$(TARGET_NAME)";
				SWIFT_VERSION = 4.0;
				TARGETED_DEVICE_FAMILY = "1,2";
				TEST_TARGET_NAME = CaraLivro;
			};
			name = Debug;
		};
		D4E3444520BD8BE300ADF70F /* Release */ = {
			isa = XCBuildConfiguration;
			baseConfigurationReference = 43C26686374F6CC659D9D381 /* Pods-CaraLivroUITests.release.xcconfig */;
			buildSettings = {
				ALWAYS_EMBED_SWIFT_STANDARD_LIBRARIES = YES;
				CODE_SIGN_STYLE = Automatic;
				DEVELOPMENT_TEAM = H67F7VXCAB;
				INFOPLIST_FILE = CaraLivroUITests/Info.plist;
				IPHONEOS_DEPLOYMENT_TARGET = 11.1;
				LD_RUNPATH_SEARCH_PATHS = "$(inherited) @executable_path/Frameworks @loader_path/Frameworks";
				PRODUCT_BUNDLE_IDENTIFIER = com.luzejunior.CaraLivroUITests;
				PRODUCT_NAME = "$(TARGET_NAME)";
				SWIFT_VERSION = 4.0;
				TARGETED_DEVICE_FAMILY = "1,2";
				TEST_TARGET_NAME = CaraLivro;
			};
			name = Release;
		};
/* End XCBuildConfiguration section */

/* Begin XCConfigurationList section */
		D4E3441020BD8BE300ADF70F /* Build configuration list for PBXProject "CaraLivro" */ = {
			isa = XCConfigurationList;
			buildConfigurations = (
				D4E3443B20BD8BE300ADF70F /* Debug */,
				D4E3443C20BD8BE300ADF70F /* Release */,
			);
			defaultConfigurationIsVisible = 0;
			defaultConfigurationName = Release;
		};
		D4E3443D20BD8BE300ADF70F /* Build configuration list for PBXNativeTarget "CaraLivro" */ = {
			isa = XCConfigurationList;
			buildConfigurations = (
				D4E3443E20BD8BE300ADF70F /* Debug */,
				D4E3443F20BD8BE300ADF70F /* Release */,
			);
			defaultConfigurationIsVisible = 0;
			defaultConfigurationName = Release;
		};
		D4E3444020BD8BE300ADF70F /* Build configuration list for PBXNativeTarget "CaraLivroTests" */ = {
			isa = XCConfigurationList;
			buildConfigurations = (
				D4E3444120BD8BE300ADF70F /* Debug */,
				D4E3444220BD8BE300ADF70F /* Release */,
			);
			defaultConfigurationIsVisible = 0;
			defaultConfigurationName = Release;
		};
		D4E3444320BD8BE300ADF70F /* Build configuration list for PBXNativeTarget "CaraLivroUITests" */ = {
			isa = XCConfigurationList;
			buildConfigurations = (
				D4E3444420BD8BE300ADF70F /* Debug */,
				D4E3444520BD8BE300ADF70F /* Release */,
			);
			defaultConfigurationIsVisible = 0;
			defaultConfigurationName = Release;
		};
/* End XCConfigurationList section */
	};
	rootObject = D4E3440D20BD8BE300ADF70F /* Project object */;
}
