PODS:
  - Alamofire (4.6.0)
  - Cloudinary (2.3.0):
    - Alamofire (~> 4.6.0)
  - StringStylizer (4.0.0)

DEPENDENCIES:
  - Cloudinary
  - StringStylizer

SPEC REPOS:
  https://github.com/CocoaPods/Specs.git:
    - Alamofire
    - Cloudinary
    - StringStylizer

SPEC CHECKSUMS:
  Alamofire: f41a599bd63041760b26d393ec1069d9d7b917f4
  Cloudinary: fd611d907bd6608f3556c40673b628e466809816
  StringStylizer: 6e7fcfe3be0e5456714ef1b8ddcc515396165708

PODFILE CHECKSUM: 574f66ebf18b2286264029a45e2724955c3fc0ac

COCOAPODS: 1.5.0
